
Microsoft Visual Studio Solution File, Format Version 12.00
# Visual Studio Version 17
VisualStudioVersion = 17.7.34018.315
MinimumVisualStudioVersion = 10.0.40219.1
Project("{FAE04EC0-301F-11D3-BF4B-00C04F79EFBC}") = "MiPaint", "MiPaint\MiPaint.csproj", "{1FF14A97-14F0-4518-B543-C7D74F6B0269}"
EndProject
Global
	GlobalSection(SolutionConfigurationPlatforms) = preSolution
		Debug|Any CPU = Debug|Any CPU
		Release|Any CPU = Release|Any CPU
	EndGlobalSection
	GlobalSection(ProjectConfigurationPlatforms) = postSolution
		{1FF14A97-14F0-4518-B543-C7D74F6B0269}.Debug|Any CPU.ActiveCfg = Debug|Any CPU
		{1FF14A97-14F0-4518-B543-C7D74F6B0269}.Debug|Any CPU.Build.0 = Debug|Any CPU
		{1FF14A97-14F0-4518-B543-C7D74F6B0269}.Release|Any CPU.ActiveCfg = Release|Any CPU
		{1FF14A97-14F0-4518-B543-C7D74F6B0269}.Release|Any CPU.Build.0 = Release|Any CPU
	EndGlobalSection
	GlobalSection(SolutionProperties) = preSolution
		HideSolutionNode = FALSE
	EndGlobalSection
	GlobalSection(ExtensibilityGlobals) = postSolution
		SolutionGuid = {36C63D6D-244F-4468-A0C9-502048C799B6}
	EndGlobalSection
EndGlobal
